// !$*UTF8*$!
{
	archiveVersion = 1;
	classes = {
	};
	objectVersion = 46;
	objects = {

/* Begin PBXBuildFile section */
		92942E631FAA292100A78CC9 /* AppDelegate.swift in Sources */ = {isa = PBXBuildFile; fileRef = 92942E621FAA292100A78CC9 /* AppDelegate.swift */; };
		92942E651FAA292100A78CC9 /* ViewController.swift in Sources */ = {isa = PBXBuildFile; fileRef = 92942E641FAA292100A78CC9 /* ViewController.swift */; };
		92942E681FAA292100A78CC9 /* Main.storyboard in Resources */ = {isa = PBXBuildFile; fileRef = 92942E661FAA292100A78CC9 /* Main.storyboard */; };
		92942E6A1FAA292100A78CC9 /* Assets.xcassets in Resources */ = {isa = PBXBuildFile; fileRef = 92942E691FAA292100A78CC9 /* Assets.xcassets */; };
		92942E6D1FAA292100A78CC9 /* LaunchScreen.storyboard in Resources */ = {isa = PBXBuildFile; fileRef = 92942E6B1FAA292100A78CC9 /* LaunchScreen.storyboard */; };
		92942E751FAA293700A78CC9 /* Algorithm.swift in Sources */ = {isa = PBXBuildFile; fileRef = 92942E741FAA293700A78CC9 /* Algorithm.swift */; };
/* End PBXBuildFile section */

/* Begin PBXFileReference section */
		92942E5F1FAA292100A78CC9 /* algorithmTester.app */ = {isa = PBXFileReference; explicitFileType = wrapper.application; includeInIndex = 0; path = algorithmTester.app; sourceTree = BUILT_PRODUCTS_DIR; };
		92942E621FAA292100A78CC9 /* AppDelegate.swift */ = {isa = PBXFileReference; lastKnownFileType = sourcecode.swift; path = AppDelegate.swift; sourceTree = "<group>"; };
		92942E641FAA292100A78CC9 /* ViewController.swift */ = {isa = PBXFileReference; lastKnownFileType = sourcecode.swift; path = ViewController.swift; sourceTree = "<group>"; };
		92942E671FAA292100A78CC9 /* Base */ = {isa = PBXFileReference; lastKnownFileType = file.storyboard; name = Base; path = Base.lproj/Main.storyboard; sourceTree = "<group>"; };
		92942E691FAA292100A78CC9 /* Assets.xcassets */ = {isa = PBXFileReference; lastKnownFileType = folder.assetcatalog; path = Assets.xcassets; sourceTree = "<group>"; };
		92942E6C1FAA292100A78CC9 /* Base */ = {isa = PBXFileReference; lastKnownFileType = file.storyboard; name = Base; path = Base.lproj/LaunchScreen.storyboard; sourceTree = "<group>"; };
		92942E6E1FAA292100A78CC9 /* Info.plist */ = {isa = PBXFileReference; lastKnownFileType = text.plist.xml; path = Info.plist; sourceTree = "<group>"; };
		92942E741FAA293700A78CC9 /* Algorithm.swift */ = {isa = PBXFileReference; fileEncoding = 4; lastKnownFileType = sourcecode.swift; path = Algorithm.swift; sourceTree = "<group>"; };
		92A787351FAE768E00ABC71D /* algorithmTesterTests.swift */ = {isa = PBXFileReference; lastKnownFileType = sourcecode.swift; path = algorithmTesterTests.swift; sourceTree = "<group>"; };
		92A787371FAE768E00ABC71D /* Info.plist */ = {isa = PBXFileReference; lastKnownFileType = text.plist.xml; path = Info.plist; sourceTree = "<group>"; };
/* End PBXFileReference section */

/* Begin PBXFrameworksBuildPhase section */
		92942E5C1FAA292000A78CC9 /* Frameworks */ = {
			isa = PBXFrameworksBuildPhase;
			buildActionMask = 2147483647;
			files = (
			);
			runOnlyForDeploymentPostprocessing = 0;
		};
/* End PBXFrameworksBuildPhase section */

/* Begin PBXGroup section */
		92942E561FAA292000A78CC9 = {
			isa = PBXGroup;
			children = (
				92942E611FAA292100A78CC9 /* algorithmTester */,
				92A787341FAE768E00ABC71D /* algorithmTesterTests */,
				92942E601FAA292100A78CC9 /* Products */,
			);
			sourceTree = "<group>";
		};
		92942E601FAA292100A78CC9 /* Products */ = {
			isa = PBXGroup;
			children = (
				92942E5F1FAA292100A78CC9 /* algorithmTester.app */,
			);
			name = Products;
			sourceTree = "<group>";
		};
		92942E611FAA292100A78CC9 /* algorithmTester */ = {
			isa = PBXGroup;
			children = (
				92942E621FAA292100A78CC9 /* AppDelegate.swift */,
				92942E641FAA292100A78CC9 /* ViewController.swift */,
				92942E741FAA293700A78CC9 /* Algorithm.swift */,
				92942E661FAA292100A78CC9 /* Main.storyboard */,
				92942E691FAA292100A78CC9 /* Assets.xcassets */,
				92942E6B1FAA292100A78CC9 /* LaunchScreen.storyboard */,
				92942E6E1FAA292100A78CC9 /* Info.plist */,
			);
			path = algorithmTester;
			sourceTree = "<group>";
		};
		92A787341FAE768E00ABC71D /* algorithmTesterTests */ = {
			isa = PBXGroup;
			children = (
				92A787351FAE768E00ABC71D /* algorithmTesterTests.swift */,
				92A787371FAE768E00ABC71D /* Info.plist */,
			);
			path = algorithmTesterTests;
			sourceTree = "<group>";
		};
/* End PBXGroup section */

/* Begin PBXNativeTarget section */
		92942E5E1FAA292000A78CC9 /* algorithmTester */ = {
			isa = PBXNativeTarget;
			buildConfigurationList = 92942E711FAA292100A78CC9 /* Build configuration list for PBXNativeTarget "algorithmTester" */;
			buildPhases = (
				92942E5B1FAA292000A78CC9 /* Sources */,
				92942E5C1FAA292000A78CC9 /* Frameworks */,
				92942E5D1FAA292000A78CC9 /* Resources */,
			);
			buildRules = (
			);
			dependencies = (
			);
			name = algorithmTester;
			productName = algorithmTester;
			productReference = 92942E5F1FAA292100A78CC9 /* algorithmTester.app */;
			productType = "com.apple.product-type.application";
		};
/* End PBXNativeTarget section */

/* Begin PBXProject section */
		92942E571FAA292000A78CC9 /* Project object */ = {
			isa = PBXProject;
			attributes = {
				LastSwiftUpdateCheck = 0830;
				LastUpgradeCheck = 0830;
				ORGANIZATIONNAME = Yalantis;
				TargetAttributes = {
					92942E5E1FAA292000A78CC9 = {
						CreatedOnToolsVersion = 8.3.3;
						DevelopmentTeam = 4GS5NBU7N5;
						ProvisioningStyle = Automatic;
					};
				};
			};
			buildConfigurationList = 92942E5A1FAA292000A78CC9 /* Build configuration list for PBXProject "algorithmTester" */;
			compatibilityVersion = "Xcode 3.2";
			developmentRegion = English;
			hasScannedForEncodings = 0;
			knownRegions = (
				en,
				Base,
			);
			mainGroup = 92942E561FAA292000A78CC9;
			productRefGroup = 92942E601FAA292100A78CC9 /* Products */;
			projectDirPath = "";
			projectRoot = "";
			targets = (
				92942E5E1FAA292000A78CC9 /* algorithmTester */,
			);
		};
/* End PBXProject section */

/* Begin PBXResourcesBuildPhase section */
		92942E5D1FAA292000A78CC9 /* Resources */ = {
			isa = PBXResourcesBuildPhase;
			buildActionMask = 2147483647;
			files = (
				92942E6D1FAA292100A78CC9 /* LaunchScreen.storyboard in Resources */,
				92942E6A1FAA292100A78CC9 /* Assets.xcassets in Resources */,
				92942E681FAA292100A78CC9 /* Main.storyboard in Resources */,
			);
			runOnlyForDeploymentPostprocessing = 0;
		};
/* End PBXResourcesBuildPhase section */

/* Begin PBXSourcesBuildPhase section */
		92942E5B1FAA292000A78CC9 /* Sources */ = {
			isa = PBXSourcesBuildPhase;
			buildActionMask = 2147483647;
			files = (
				92942E651FAA292100A78CC9 /* ViewController.swift in Sources */,
				92942E751FAA293700A78CC9 /* Algorithm.swift in Sources */,
				92942E631FAA292100A78CC9 /* AppDelegate.swift in Sources */,
			);
			runOnlyForDeploymentPostprocessing = 0;
		};
/* End PBXSourcesBuildPhase section */

/* Begin PBXVariantGroup section */
		92942E661FAA292100A78CC9 /* Main.storyboard */ = {
			isa = PBXVariantGroup;
			children = (
				92942E671FAA292100A78CC9 /* Base */,
			);
			name = Main.storyboard;
			sourceTree = "<group>";
		};
		92942E6B1FAA292100A78CC9 /* LaunchScreen.storyboard */ = {
			isa = PBXVariantGroup;
			children = (
				92942E6C1FAA292100A78CC9 /* Base */,
			);
			name = LaunchScreen.storyboard;
			sourceTree = "<group>";
		};
/* End PBXVariantGroup section */

/* Begin XCBuildConfiguration section */
		92942E6F1FAA292100A78CC9 /* Debug */ = {
			isa = XCBuildConfiguration;
			buildSettings = {
				ALWAYS_SEARCH_USER_PATHS = NO;
				CLANG_ANALYZER_NONNULL = YES;
				CLANG_ANALYZER_NUMBER_OBJECT_CONVERSION = YES_AGGRESSIVE;
				CLANG_CXX_LANGUAGE_STANDARD = "gnu++0x";
				CLANG_CXX_LIBRARY = "libc++";
				CLANG_ENABLE_MODULES = YES;
				CLANG_ENABLE_OBJC_ARC = YES;
				CLANG_WARN_BOOL_CONVERSION = YES;
				CLANG_WARN_CONSTANT_CONVERSION = YES;
				CLANG_WARN_DIRECT_OBJC_ISA_USAGE = YES_ERROR;
				CLANG_WARN_DOCUMENTATION_COMMENTS = YES;
				CLANG_WARN_EMPTY_BODY = YES;
				CLANG_WARN_ENUM_CONVERSION = YES;
				CLANG_WARN_INFINITE_RECURSION = YES;
				CLANG_WARN_INT_CONVERSION = YES;
				CLANG_WARN_OBJC_ROOT_CLASS = YES_ERROR;
				CLANG_WARN_SUSPICIOUS_MOVE = YES;
				CLANG_WARN_UNREACHABLE_CODE = YES;
				CLANG_WARN__DUPLICATE_METHOD_MATCH = YES;
				"CODE_SIGN_IDENTITY[sdk=iphoneos*]" = "iPhone Developer";
				COPY_PHASE_STRIP = NO;
				DEBUG_INFORMATION_FORMAT = dwarf;
				ENABLE_STRICT_OBJC_MSGSEND = YES;
				ENABLE_TESTABILITY = YES;
				GCC_C_LANGUAGE_STANDARD = gnu99;
				GCC_DYNAMIC_NO_PIC = NO;
				GCC_NO_COMMON_BLOCKS = YES;
				GCC_OPTIMIZATION_LEVEL = 0;
				GCC_PREPROCESSOR_DEFINITIONS = (
					"DEBUG=1",
					"$(inherited)",
				);
				GCC_WARN_64_TO_32_BIT_CONVERSION = YES;
				GCC_WARN_ABOUT_RETURN_TYPE = YES_ERROR;
				GCC_WARN_UNDECLARED_SELECTOR = YES;
				GCC_WARN_UNINITIALIZED_AUTOS = YES_AGGRESSIVE;
				GCC_WARN_UNUSED_FUNCTION = YES;
				GCC_WARN_UNUSED_VARIABLE = YES;
				IPHONEOS_DEPLOYMENT_TARGET = 10.3;
				MTL_ENABLE_DEBUG_INFO = YES;
				ONLY_ACTIVE_ARCH = YES;
				SDKROOT = iphoneos;
				SWIFT_ACTIVE_COMPILATION_CONDITIONS = DEBUG;
				SWIFT_OPTIMIZATION_LEVEL = "-Onone";
				TARGETED_DEVICE_FAMILY = "1,2";
			};
			name = Debug;
		};
		92942E701FAA292100A78CC9 /* Release */ = {
			isa = XCBuildConfiguration;
			buildSettings = {
				ALWAYS_SEARCH_USER_PATHS = NO;
				CLANG_ANALYZER_NONNULL = YES;
				CLANG_ANALYZER_NUMBER_OBJECT_CONVERSION = YES_AGGRESSIVE;
				CLANG_CXX_LANGUAGE_STANDARD = "gnu++0x";
				CLANG_CXX_LIBRARY = "libc++";
				CLANG_ENABLE_MODULES = YES;
				CLANG_ENABLE_OBJC_ARC = YES;
				CLANG_WARN_BOOL_CONVERSION = YES;
				CLANG_WARN_CONSTANT_CONVERSION = YES;
				CLANG_WARN_DIRECT_OBJC_ISA_USAGE = YES_ERROR;
				CLANG_WARN_DOCUMENTATION_COMMENTS = YES;
				CLANG_WARN_EMPTY_BODY = YES;
				CLANG_WARN_ENUM_CONVERSION = YES;
				CLANG_WARN_INFINITE_RECURSION = YES;
				CLANG_WARN_INT_CONVERSION = YES;
				CLANG_WARN_OBJC_ROOT_CLASS = YES_ERROR;
				CLANG_WARN_SUSPICIOUS_MOVE = YES;
				CLANG_WARN_UNREACHABLE_CODE = YES;
				CLANG_WARN__DUPLICATE_METHOD_MATCH = YES;
				"CODE_SIGN_IDENTITY[sdk=iphoneos*]" = "iPhone Developer";
				COPY_PHASE_STRIP = NO;
				DEBUG_INFORMATION_FORMAT = "dwarf-with-dsym";
				ENABLE_NS_ASSERTIONS = NO;
				ENABLE_STRICT_OBJC_MSGSEND = YES;
				GCC_C_LANGUAGE_STANDARD = gnu99;
				GCC_NO_COMMON_BLOCKS = YES;
				GCC_WARN_64_TO_32_BIT_CONVERSION = YES;
				GCC_WARN_ABOUT_RETURN_TYPE = YES_ERROR;
				GCC_WARN_UNDECLARED_SELECTOR = YES;
				GCC_WARN_UNINITIALIZED_AUTOS = YES_AGGRESSIVE;
				GCC_WARN_UNUSED_FUNCTION = YES;
				GCC_WARN_UNUSED_VARIABLE = YES;
				IPHONEOS_DEPLOYMENT_TARGET = 10.3;
				MTL_ENABLE_DEBUG_INFO = NO;
				SDKROOT = iphoneos;
				SWIFT_OPTIMIZATION_LEVEL = "-Owholemodule";
				TARGETED_DEVICE_FAMILY = "1,2";
				VALIDATE_PRODUCT = YES;
			};
			name = Release;
		};
		92942E721FAA292100A78CC9 /* Debug */ = {
			isa = XCBuildConfiguration;
			buildSettings = {
				ASSETCATALOG_COMPILER_APPICON_NAME = AppIcon;
				DEVELOPMENT_TEAM = 4GS5NBU7N5;
				INFOPLIST_FILE = algorithmTester/Info.plist;
				LD_RUNPATH_SEARCH_PATHS = "$(inherited) @executable_path/Frameworks";
				PRODUCT_BUNDLE_IDENTIFIER = yalantis.com.algorithmTester;
				PRODUCT_NAME = "$(TARGET_NAME)";
				SWIFT_VERSION = 3.0;
			};
			name = Debug;
		};
		92942E731FAA292100A78CC9 /* Release */ = {
			isa = XCBuildConfiguration;
			buildSettings = {
				ASSETCATALOG_COMPILER_APPICON_NAME = AppIcon;
				DEVELOPMENT_TEAM = 4GS5NBU7N5;
				INFOPLIST_FILE = algorithmTester/Info.plist;
				LD_RUNPATH_SEARCH_PATHS = "$(inherited) @executable_path/Frameworks";
				PRODUCT_BUNDLE_IDENTIFIER = yalantis.com.algorithmTester;
				PRODUCT_NAME = "$(TARGET_NAME)";
				SWIFT_VERSION = 3.0;
			};
			name = Release;
		};
/* End XCBuildConfiguration section */

/* Begin XCConfigurationList section */
		92942E5A1FAA292000A78CC9 /* Build configuration list for PBXProject "algorithmTester" */ = {
			isa = XCConfigurationList;
			buildConfigurations = (
				92942E6F1FAA292100A78CC9 /* Debug */,
				92942E701FAA292100A78CC9 /* Release */,
			);
			defaultConfigurationIsVisible = 0;
			defaultConfigurationName = Release;
		};
		92942E711FAA292100A78CC9 /* Build configuration list for PBXNativeTarget "algorithmTester" */ = {
			isa = XCConfigurationList;
			buildConfigurations = (
				92942E721FAA292100A78CC9 /* Debug */,
				92942E731FAA292100A78CC9 /* Release */,
			);
			defaultConfigurationIsVisible = 0;
			defaultConfigurationName = Release;
		};
/* End XCConfigurationList section */
	};
	rootObject = 92942E571FAA292000A78CC9 /* Project object */;
}
